dependencies:
- name: mysql
  repository: https://charts.bitnami.com/bitnami
  version: 11.1.15
- name: video-api
  repository: file://../base/python-service-base
  version: 0.1.0
- name: insta-uploader
  repository: file://../base/python-service-base
  version: 0.1.0
- name: clip-chooser
  repository: file://../base/python-service-base
  version: 0.1.0
digest: sha256:e69c1c79c33e823f26c5fd5360db1f06ee5636663ab0711d1d8e0668b662e66a
generated: "2024-08-30T17:55:04.313902342+02:00"
